
Microsoft Visual Studio Solution File, Format Version 12.00
# Visual Studio Version 16
VisualStudioVersion = 16.0.30517.126
MinimumVisualStudioVersion = 10.0.40219.1
Project("{9A19103F-16F7-4668-BE54-9A1E7A4F7556}") = "ToyShop", "ToyShop\ToyShop.csproj", "{4C809DD9-709B-4DD9-A3E4-C9FE55CC6CC3}"
EndProject
Global
	GlobalSection(SolutionConfigurationPlatforms) = preSolution
		Debug|Any CPU = Debug|Any CPU
		Release|Any CPU = Release|Any CPU
	EndGlobalSection
	GlobalSection(ProjectConfigurationPlatforms) = postSolution
		{4C809DD9-709B-4DD9-A3E4-C9FE55CC6CC3}.Debug|Any CPU.ActiveCfg = Debug|Any CPU
		{4C809DD9-709B-4DD9-A3E4-C9FE55CC6CC3}.Debug|Any CPU.Build.0 = Debug|Any CPU
		{4C809DD9-709B-4DD9-A3E4-C9FE55CC6CC3}.Release|Any CPU.ActiveCfg = Release|Any CPU
		{4C809DD9-709B-4DD9-A3E4-C9FE55CC6CC3}.Release|Any CPU.Build.0 = Release|Any CPU
	EndGlobalSection
	GlobalSection(SolutionProperties) = preSolution
		HideSolutionNode = FALSE
	EndGlobalSection
	GlobalSection(ExtensibilityGlobals) = postSolution
		SolutionGuid = {E0AFF048-64C4-4C35-AAE2-DCB4028D6DBB}
	EndGlobalSection
EndGlobal
